<?xml version="1.0" encoding="utf-8"?>
<Project ToolsVersion="4.0" xmlns="http://schemas.microsoft.com/developer/msbuild/2003">
  <ItemGroup>
    <ClCompile Include="stdafx.cpp">
      <Filter>Windows</Filter>
    </ClCompile>
    <ClCompile Include="..\libethereum\AddressState.cpp" />
    <ClCompile Include="..\libethereum\BlockChain.cpp" />
    <ClCompile Include="..\libethereum\BlockInfo.cpp" />
    <ClCompile Include="..\libethereum\Client.cpp" />
    <ClCompile Include="..\libethereum\CommonEth.cpp" />
    <ClCompile Include="..\libethereum\Dagger.cpp" />
    <ClCompile Include="..\libethereum\Defaults.cpp" />
    <ClCompile Include="..\libethereum\FeeStructure.cpp" />
    <ClCompile Include="..\libethereum\Instruction.cpp" />
    <ClCompile Include="..\libethereum\PeerNetwork.cpp" />
    <ClCompile Include="..\libethereum\PeerServer.cpp" />
    <ClCompile Include="..\libethereum\PeerSession.cpp" />
    <ClCompile Include="..\libethereum\State.cpp" />
    <ClCompile Include="..\libethereum\Transaction.cpp" />
    <ClCompile Include="..\libethereum\TransactionQueue.cpp" />
    <ClCompile Include="..\libethereum\VM.cpp" />
    <ClCompile Include="..\libethereum\Executive.cpp" />
    <ClCompile Include="..\libethereum\ExtVM.cpp" />
    <ClCompile Include="..\libethereum\ExtVMFace.cpp" />
  </ItemGroup>
  <ItemGroup>
    <ClInclude Include="stdafx.h">
      <Filter>Windows</Filter>
    </ClInclude>
    <ClInclude Include="..\libethereum\AddressState.h" />
    <ClInclude Include="..\libethereum\BlockChain.h" />
    <ClInclude Include="..\libethereum\BlockInfo.h" />
    <ClInclude Include="..\libethereum\Client.h" />
    <ClInclude Include="..\libethereum\CommonEth.h" />
    <ClInclude Include="..\libethereum\Dagger.h" />
    <ClInclude Include="..\libethereum\Defaults.h" />
    <ClInclude Include="..\libethereum\Exceptions.h" />
    <ClInclude Include="..\libethereum\ExtVMFace.h" />
    <ClInclude Include="..\libethereum\FeeStructure.h" />
    <ClInclude Include="..\libethereum\Instruction.h" />
    <ClInclude Include="..\libethereum\PeerNetwork.h" />
    <ClInclude Include="..\libethereum\PeerServer.h" />
    <ClInclude Include="..\libethereum\PeerSession.h" />
    <ClInclude Include="..\libethereum\State.h" />
    <ClInclude Include="..\libethereum\Transaction.h" />
    <ClInclude Include="..\libethereum\TransactionQueue.h" />
    <ClInclude Include="..\libethereum\VM.h" />
    <ClInclude Include="..\libethereum\Executive.h" />
    <ClInclude Include="..\libethereum\ExtVM.h" />
  </ItemGroup>
  <ItemGroup>
    <Filter Include="Windows">
      <UniqueIdentifier>{2d571d8f-bacf-4c49-a0d0-c9036f5c0cc9}</UniqueIdentifier>
    </Filter>
  </ItemGroup>
</Project>