<?xml version="1.0" encoding="utf-8"?>
<Project ToolsVersion="4.0" xmlns="http://schemas.microsoft.com/developer/msbuild/2003">
  <ItemGroup>
    <ClCompile Include="stdafx.cpp">
      <Filter>Windows</Filter>
    </ClCompile>
    <ClCompile Include="..\libethcore\Common.cpp" />
    <ClCompile Include="..\libethcore\CommonData.cpp" />
    <ClCompile Include="..\libethcore\CommonIO.cpp" />
    <ClCompile Include="..\libethcore\FileSystem.cpp" />
    <ClCompile Include="..\libethcore\FixedHash.cpp" />
    <ClCompile Include="..\libethcore\Log.cpp" />
    <ClCompile Include="..\libethcore\RLP.cpp" />
    <ClCompile Include="..\libethcore\TrieCommon.cpp" />
    <ClCompile Include="..\libethcore\TrieDB.cpp" />
    <ClCompile Include="..\libethcore\UPnP.cpp" />
  </ItemGroup>
  <ItemGroup>
    <ClInclude Include="stdafx.h">
      <Filter>Windows</Filter>
    </ClInclude>
    <ClInclude Include="..\libethcore\Common.h" />
    <ClInclude Include="..\libethcore\CommonData.h" />
    <ClInclude Include="..\libethcore\CommonIO.h" />
    <ClInclude Include="..\libethcore\CryptoHeaders.h" />
    <ClInclude Include="..\libethcore\Exceptions.h" />
    <ClInclude Include="..\libethcore\FileSystem.h" />
    <ClInclude Include="..\libethcore\FixedHash.h" />
    <ClInclude Include="..\libethcore\Log.h" />
    <ClInclude Include="..\libethcore\RLP.h" />
    <ClInclude Include="..\libethcore\TrieCommon.h" />
    <ClInclude Include="..\libethcore\TrieDB.h" />
    <ClInclude Include="..\libethcore\UPnP.h" />
    <ClInclude Include="..\libethcore\vector_ref.h" />
  </ItemGroup>
  <ItemGroup>
    <Filter Include="Windows">
      <UniqueIdentifier>{f864ef86-509c-4f25-b218-c4e7e604fdad}</UniqueIdentifier>
    </Filter>
  </ItemGroup>
</Project>