<?xml version="1.0" encoding="utf-8"?>
<Project ToolsVersion="4.0" xmlns="http://schemas.microsoft.com/developer/msbuild/2003">
  <ItemGroup>
    <ClCompile Include="stdafx.cpp">
      <Filter>Windows</Filter>
    </ClCompile>
    <ClCompile Include="..\libethereum\AddressState.cpp">
      <Filter>libethereum</Filter>
    </ClCompile>
    <ClCompile Include="..\libethereum\BlockChain.cpp">
      <Filter>libethereum</Filter>
    </ClCompile>
    <ClCompile Include="..\libethereum\Client.cpp">
      <Filter>libethereum</Filter>
    </ClCompile>
    <ClCompile Include="..\libethereum\Defaults.cpp">
      <Filter>libethereum</Filter>
    </ClCompile>
    <ClCompile Include="..\libethereum\Executive.cpp">
      <Filter>libethereum</Filter>
    </ClCompile>
    <ClCompile Include="..\libethereum\ExtVM.cpp">
      <Filter>libethereum</Filter>
    </ClCompile>
    <ClCompile Include="..\libethereum\State.cpp">
      <Filter>libethereum</Filter>
    </ClCompile>
    <ClCompile Include="..\libethereum\Transaction.cpp">
      <Filter>libethereum</Filter>
    </ClCompile>
    <ClCompile Include="..\libethereum\TransactionQueue.cpp">
      <Filter>libethereum</Filter>
    </ClCompile>
    <ClCompile Include="..\libevm\ExtVMFace.cpp">
      <Filter>libevm</Filter>
    </ClCompile>
    <ClCompile Include="..\libevm\FeeStructure.cpp">
      <Filter>libevm</Filter>
    </ClCompile>
    <ClCompile Include="..\libevm\VM.cpp">
      <Filter>libevm</Filter>
    </ClCompile>
    <ClCompile Include="..\libevmface\Instruction.cpp">
      <Filter>libevmface</Filter>
    </ClCompile>
    <ClCompile Include="..\liblll\Assembly.cpp">
      <Filter>liblll</Filter>
    </ClCompile>
    <ClCompile Include="..\liblll\CodeFragment.cpp">
      <Filter>liblll</Filter>
    </ClCompile>
    <ClCompile Include="..\liblll\Compiler.cpp">
      <Filter>liblll</Filter>
    </ClCompile>
    <ClCompile Include="..\liblll\CompilerState.cpp">
      <Filter>liblll</Filter>
    </ClCompile>
    <ClCompile Include="..\liblll\Parser.cpp">
      <Filter>liblll</Filter>
    </ClCompile>
    <ClCompile Include="..\libethereum\BlockDetails.cpp">
      <Filter>libethereum</Filter>
    </ClCompile>
    <ClCompile Include="..\libethereum\BlockQueue.cpp">
      <Filter>libethereum</Filter>
    </ClCompile>
    <ClCompile Include="..\libethereum\Manifest.cpp">
      <Filter>libethereum</Filter>
    </ClCompile>
    <ClCompile Include="..\libethereum\Utility.cpp">
      <Filter>libethereum</Filter>
    </ClCompile>
    <ClCompile Include="..\libethereum\Miner.cpp">
      <Filter>libethereum</Filter>
    </ClCompile>
    <ClCompile Include="..\libethereum\MessageFilter.cpp">
      <Filter>libethereum</Filter>
    </ClCompile>
    <ClCompile Include="..\libethereum\AccountDiff.cpp">
      <Filter>libethereum</Filter>
    </ClCompile>
    <ClCompile Include="..\libdevcrypto\Common.cpp">
      <Filter>libdevcrypto</Filter>
    </ClCompile>
    <ClCompile Include="..\libdevcrypto\FileSystem.cpp">
      <Filter>libdevcrypto</Filter>
    </ClCompile>
    <ClCompile Include="..\libdevcrypto\MemoryDB.cpp">
      <Filter>libdevcrypto</Filter>
    </ClCompile>
    <ClCompile Include="..\libdevcrypto\OverlayDB.cpp">
      <Filter>libdevcrypto</Filter>
    </ClCompile>
    <ClCompile Include="..\libdevcrypto\SHA3.cpp">
      <Filter>libdevcrypto</Filter>
    </ClCompile>
    <ClCompile Include="..\libdevcrypto\TrieCommon.cpp">
      <Filter>libdevcrypto</Filter>
    </ClCompile>
    <ClCompile Include="..\libdevcrypto\TrieDB.cpp">
      <Filter>libdevcrypto</Filter>
    </ClCompile>
    <ClCompile Include="..\libethcore\BlockInfo.cpp">
      <Filter>libethcore</Filter>
    </ClCompile>
    <ClCompile Include="..\libethcore\CommonEth.cpp">
      <Filter>libethcore</Filter>
    </ClCompile>
    <ClCompile Include="..\libethcore\Dagger.cpp">
      <Filter>libethcore</Filter>
    </ClCompile>
    <ClCompile Include="..\libdevcore\CommonData.cpp">
      <Filter>libdevcore</Filter>
    </ClCompile>
    <ClCompile Include="..\libdevcore\CommonIO.cpp">
      <Filter>libdevcore</Filter>
    </ClCompile>
    <ClCompile Include="..\libdevcore\FixedHash.cpp">
      <Filter>libdevcore</Filter>
    </ClCompile>
    <ClCompile Include="..\libdevcore\Guards.cpp">
      <Filter>libdevcore</Filter>
    </ClCompile>
    <ClCompile Include="..\libdevcore\Log.cpp">
      <Filter>libdevcore</Filter>
    </ClCompile>
    <ClCompile Include="..\libdevcore\RLP.cpp">
      <Filter>libdevcore</Filter>
    </ClCompile>
    <ClCompile Include="..\libdevcore\_libdevcore.cpp">
      <Filter>libdevcore</Filter>
    </ClCompile>
    <ClCompile Include="..\libethcore\_libethcore.cpp">
      <Filter>libethcore</Filter>
    </ClCompile>
    <ClCompile Include="..\libevm\_libevm.cpp">
      <Filter>libevm</Filter>
    </ClCompile>
    <ClCompile Include="..\libethereum\CommonNet.cpp">
      <Filter>libethereum</Filter>
    </ClCompile>
    <ClCompile Include="..\libethereum\EthereumHost.cpp">
      <Filter>libethereum</Filter>
    </ClCompile>
    <ClCompile Include="..\libethereum\PastMessage.cpp">
      <Filter>libethereum</Filter>
    </ClCompile>
    <ClCompile Include="..\libethereum\EthereumPeer.cpp">
      <Filter>libethereum</Filter>
    </ClCompile>
    <ClCompile Include="..\libethereum\Interface.cpp">
      <Filter>libethereum</Filter>
    </ClCompile>
    <ClCompile Include="..\libp2p\Capability.cpp">
      <Filter>libp2p</Filter>
    </ClCompile>
    <ClCompile Include="..\libp2p\Host.cpp">
      <Filter>libp2p</Filter>
    </ClCompile>
    <ClCompile Include="..\libp2p\HostCapability.cpp">
      <Filter>libp2p</Filter>
    </ClCompile>
    <ClCompile Include="..\libp2p\Session.cpp">
      <Filter>libp2p</Filter>
    </ClCompile>
    <ClCompile Include="..\libp2p\UPnP.cpp">
      <Filter>libp2p</Filter>
    </ClCompile>
    <ClCompile Include="..\libp2p\_libp2p.cpp">
      <Filter>libp2p</Filter>
    </ClCompile>
    <ClCompile Include="..\libwhisper\_libwhisper.cpp">
      <Filter>libwhisper</Filter>
    </ClCompile>
    <ClCompile Include="..\libwhisper\WhisperPeer.cpp">
      <Filter>libwhisper</Filter>
    </ClCompile>
    <ClCompile Include="..\libethereum\Manifest.cpp">
      <Filter>libethereum</Filter>
    </ClCompile>
    <ClCompile Include="..\libdevcore\RangeMask.cpp">
      <Filter>libdevcore</Filter>
    </ClCompile>
    <ClCompile Include="..\libdevcore\Worker.cpp">
      <Filter>libdevcore</Filter>
    </ClCompile>
    <ClCompile Include="..\libethereum\DownloadMan.cpp">
      <Filter>libethereum</Filter>
    </ClCompile>
    <ClCompile Include="..\libwebthree\WebThree.cpp">
      <Filter>libwebthree</Filter>
    </ClCompile>
    <ClCompile Include="..\libethcore\Exceptions.cpp">
      <Filter>libethcore</Filter>
    </ClCompile>
  </ItemGroup>
  <ItemGroup>
    <ClInclude Include="stdafx.h">
      <Filter>Windows</Filter>
    </ClInclude>
    <ClInclude Include="..\libethereum\AddressState.h">
      <Filter>libethereum</Filter>
    </ClInclude>
    <ClInclude Include="..\libethereum\BlockChain.h">
      <Filter>libethereum</Filter>
    </ClInclude>
    <ClInclude Include="..\libethereum\Client.h">
      <Filter>libethereum</Filter>
    </ClInclude>
    <ClInclude Include="..\libethereum\Defaults.h">
      <Filter>libethereum</Filter>
    </ClInclude>
    <ClInclude Include="..\libethereum\Executive.h">
      <Filter>libethereum</Filter>
    </ClInclude>
    <ClInclude Include="..\libethereum\ExtVM.h">
      <Filter>libethereum</Filter>
    </ClInclude>
    <ClInclude Include="..\libethereum\State.h">
      <Filter>libethereum</Filter>
    </ClInclude>
    <ClInclude Include="..\libethereum\Transaction.h">
      <Filter>libethereum</Filter>
    </ClInclude>
    <ClInclude Include="..\libethereum\TransactionQueue.h">
      <Filter>libethereum</Filter>
    </ClInclude>
    <ClInclude Include="..\libevm\ExtVMFace.h">
      <Filter>libevm</Filter>
    </ClInclude>
    <ClInclude Include="..\libevm\FeeStructure.h">
      <Filter>libevm</Filter>
    </ClInclude>
    <ClInclude Include="..\libevm\VM.h">
      <Filter>libevm</Filter>
    </ClInclude>
    <ClInclude Include="..\libevm\All.h">
      <Filter>libevm</Filter>
    </ClInclude>
    <ClInclude Include="..\libevmface\Instruction.h">
      <Filter>libevmface</Filter>
    </ClInclude>
    <ClInclude Include="..\liblll\All.h">
      <Filter>liblll</Filter>
    </ClInclude>
    <ClInclude Include="..\liblll\Assembly.h">
      <Filter>liblll</Filter>
    </ClInclude>
    <ClInclude Include="..\liblll\CodeFragment.h">
      <Filter>liblll</Filter>
    </ClInclude>
    <ClInclude Include="..\liblll\Compiler.h">
      <Filter>liblll</Filter>
    </ClInclude>
    <ClInclude Include="..\liblll\CompilerState.h">
      <Filter>liblll</Filter>
    </ClInclude>
    <ClInclude Include="..\liblll\Exceptions.h">
      <Filter>liblll</Filter>
    </ClInclude>
    <ClInclude Include="..\liblll\Parser.h">
      <Filter>liblll</Filter>
    </ClInclude>
    <ClInclude Include="..\libethereum\BlockDetails.h">
      <Filter>libethereum</Filter>
    </ClInclude>
    <ClInclude Include="..\libethereum\BlockQueue.h">
      <Filter>libethereum</Filter>
    </ClInclude>
    <ClInclude Include="..\libethereum\Manifest.h">
      <Filter>libethereum</Filter>
    </ClInclude>
    <ClInclude Include="..\libethereum\Utility.h">
      <Filter>libethereum</Filter>
    </ClInclude>
    <ClInclude Include="..\libethereum\Miner.h">
      <Filter>libethereum</Filter>
    </ClInclude>
    <ClInclude Include="..\libethereum\MessageFilter.h">
      <Filter>libethereum</Filter>
    </ClInclude>
    <ClInclude Include="..\libethereum\AccountDiff.h">
      <Filter>libethereum</Filter>
    </ClInclude>
    <ClInclude Include="..\libdevcrypto\All.h">
      <Filter>libdevcrypto</Filter>
    </ClInclude>
    <ClInclude Include="..\libdevcrypto\Common.h">
      <Filter>libdevcrypto</Filter>
    </ClInclude>
    <ClInclude Include="..\libdevcrypto\CryptoHeaders.h">
      <Filter>libdevcrypto</Filter>
    </ClInclude>
    <ClInclude Include="..\libdevcrypto\FileSystem.h">
      <Filter>libdevcrypto</Filter>
    </ClInclude>
    <ClInclude Include="..\libdevcrypto\MemoryDB.h">
      <Filter>libdevcrypto</Filter>
    </ClInclude>
    <ClInclude Include="..\libdevcrypto\OverlayDB.h">
      <Filter>libdevcrypto</Filter>
    </ClInclude>
    <ClInclude Include="..\libdevcrypto\SHA3.h">
      <Filter>libdevcrypto</Filter>
    </ClInclude>
    <ClInclude Include="..\libdevcrypto\TrieCommon.h">
      <Filter>libdevcrypto</Filter>
    </ClInclude>
    <ClInclude Include="..\libdevcrypto\TrieDB.h">
      <Filter>libdevcrypto</Filter>
    </ClInclude>
    <ClInclude Include="..\libethcore\All.h">
      <Filter>libethcore</Filter>
    </ClInclude>
    <ClInclude Include="..\libethcore\BlockInfo.h">
      <Filter>libethcore</Filter>
    </ClInclude>
    <ClInclude Include="..\libethcore\CommonEth.h">
      <Filter>libethcore</Filter>
    </ClInclude>
    <ClInclude Include="..\libethcore\CryptoHeaders.h">
      <Filter>libethcore</Filter>
    </ClInclude>
    <ClInclude Include="..\libethcore\Dagger.h">
      <Filter>libethcore</Filter>
    </ClInclude>
    <ClInclude Include="..\libethcore\Exceptions.h">
      <Filter>libethcore</Filter>
    </ClInclude>
    <ClInclude Include="..\libdevcore\All.h">
      <Filter>libdevcore</Filter>
    </ClInclude>
    <ClInclude Include="..\libdevcore\Common.h">
      <Filter>libdevcore</Filter>
    </ClInclude>
    <ClInclude Include="..\libdevcore\CommonData.h">
      <Filter>libdevcore</Filter>
    </ClInclude>
    <ClInclude Include="..\libdevcore\CommonIO.h">
      <Filter>libdevcore</Filter>
    </ClInclude>
    <ClInclude Include="..\libdevcore\Exceptions.h">
      <Filter>libdevcore</Filter>
    </ClInclude>
    <ClInclude Include="..\libdevcore\FixedHash.h">
      <Filter>libdevcore</Filter>
    </ClInclude>
    <ClInclude Include="..\libdevcore\Guards.h">
      <Filter>libdevcore</Filter>
    </ClInclude>
    <ClInclude Include="..\libdevcore\Log.h">
      <Filter>libdevcore</Filter>
    </ClInclude>
    <ClInclude Include="..\libdevcore\RLP.h">
      <Filter>libdevcore</Filter>
    </ClInclude>
    <ClInclude Include="..\libdevcore\vector_ref.h">
      <Filter>libdevcore</Filter>
    </ClInclude>
    <ClInclude Include="..\libethereum\CommonNet.h">
      <Filter>libethereum</Filter>
    </ClInclude>
    <ClInclude Include="..\libethereum\EthereumHost.h">
      <Filter>libethereum</Filter>
    </ClInclude>
    <ClInclude Include="..\libethereum\PastMessage.h">
      <Filter>libethereum</Filter>
    </ClInclude>
    <ClInclude Include="..\libethereum\All.h">
      <Filter>libethereum</Filter>
    </ClInclude>
    <ClInclude Include="..\libethereum\EthereumPeer.h">
      <Filter>libethereum</Filter>
    </ClInclude>
    <ClInclude Include="..\libethereum\Interface.h">
      <Filter>libethereum</Filter>
    </ClInclude>
    <ClInclude Include="..\libp2p\All.h">
      <Filter>libp2p</Filter>
    </ClInclude>
    <ClInclude Include="..\libp2p\Capability.h">
      <Filter>libp2p</Filter>
    </ClInclude>
    <ClInclude Include="..\libp2p\Common.h">
      <Filter>libp2p</Filter>
    </ClInclude>
    <ClInclude Include="..\libp2p\Host.h">
      <Filter>libp2p</Filter>
    </ClInclude>
    <ClInclude Include="..\libp2p\HostCapability.h">
      <Filter>libp2p</Filter>
    </ClInclude>
    <ClInclude Include="..\libp2p\Session.h">
      <Filter>libp2p</Filter>
    </ClInclude>
    <ClInclude Include="..\libp2p\UPnP.h">
      <Filter>libp2p</Filter>
    </ClInclude>
    <ClInclude Include="..\libwhisper\Common.h">
      <Filter>libwhisper</Filter>
    </ClInclude>
    <ClInclude Include="..\libwhisper\WhisperPeer.h">
      <Filter>libwhisper</Filter>
    </ClInclude>
    <ClInclude Include="..\libethereum\Manifest.h">
      <Filter>libethereum</Filter>
    </ClInclude>
    <ClInclude Include="..\libdevcore\RangeMask.h">
      <Filter>libdevcore</Filter>
    </ClInclude>
    <ClInclude Include="..\libdevcore\Worker.h">
      <Filter>libdevcore</Filter>
    </ClInclude>
    <ClInclude Include="..\libethereum\DownloadMan.h">
      <Filter>libethereum</Filter>
    </ClInclude>
    <ClInclude Include="..\libwebthree\webthree.h">
      <Filter>libwebthree</Filter>
    </ClInclude>
  </ItemGroup>
  <ItemGroup>
    <Filter Include="Windows">
      <UniqueIdentifier>{2d571d8f-bacf-4c49-a0d0-c9036f5c0cc9}</UniqueIdentifier>
    </Filter>
    <Filter Include="libethereum">
      <UniqueIdentifier>{8275e3be-c870-44a2-8185-5a9992af8f8e}</UniqueIdentifier>
    </Filter>
    <Filter Include="libethcore">
      <UniqueIdentifier>{b246b3d7-af02-4125-a254-2b377214c288}</UniqueIdentifier>
    </Filter>
    <Filter Include="libevm">
      <UniqueIdentifier>{37c37803-1515-47c1-b7e6-3879f4429ab3}</UniqueIdentifier>
    </Filter>
    <Filter Include="libevmface">
      <UniqueIdentifier>{ed9ad1b3-700c-47f9-8548-a90b5ef179ac}</UniqueIdentifier>
    </Filter>
    <Filter Include="liblll">
      <UniqueIdentifier>{e6332606-e0ca-48aa-8a6b-303971ba7a93}</UniqueIdentifier>
    </Filter>
    <Filter Include="libdevcrypto">
      <UniqueIdentifier>{fae2102b-d574-40fc-9f90-1b9ed0d117ac}</UniqueIdentifier>
    </Filter>
    <Filter Include="libdevcore">
      <UniqueIdentifier>{35c32f6c-3f19-4603-8084-1b88ec9ae498}</UniqueIdentifier>
    </Filter>
    <Filter Include="libp2p">
      <UniqueIdentifier>{fc2cb618-ab0c-45b6-8eb9-6d88e0336fa9}</UniqueIdentifier>
    </Filter>
    <Filter Include="libwhisper">
      <UniqueIdentifier>{36748e80-c977-4fee-84e6-699c039dff87}</UniqueIdentifier>
    </Filter>
    <Filter Include="libwebthree">
      <UniqueIdentifier>{d838fece-fc20-42f6-bff5-97c236159b80}</UniqueIdentifier>
    </Filter>
  </ItemGroup>
</Project>