<?xml version="1.0" encoding="utf-8"?>
<Project ToolsVersion="4.0" xmlns="http://schemas.microsoft.com/developer/msbuild/2003">
  <ItemGroup>
    <ClCompile Include="..\evmjit\libevmjit\Arith256.cpp" />
    <ClCompile Include="..\evmjit\libevmjit\BasicBlock.cpp" />
    <ClCompile Include="..\evmjit\libevmjit\Compiler.cpp" />
    <ClCompile Include="..\evmjit\libevmjit\CompilerHelper.cpp" />
    <ClCompile Include="..\evmjit\libevmjit\Endianness.cpp" />
    <ClCompile Include="..\evmjit\libevmjit\ExecutionEngine.cpp" />
    <ClCompile Include="..\evmjit\libevmjit\Ext.cpp" />
    <ClCompile Include="..\evmjit\libevmjit\GasMeter.cpp" />
    <ClCompile Include="..\evmjit\libevmjit\interface.c" />
    <ClCompile Include="..\evmjit\libevmjit\Memory.cpp" />
    <ClCompile Include="..\evmjit\libevmjit\Runtime.cpp" />
    <ClCompile Include="..\evmjit\libevmjit\RuntimeManager.cpp" />
    <ClCompile Include="..\evmjit\libevmjit\Stack.cpp" />
    <ClCompile Include="..\evmjit\libevmjit\Type.cpp" />
    <ClCompile Include="..\evmjit\libevmjit\Utils.cpp" />
  </ItemGroup>
  <ItemGroup>
    <ClInclude Include="..\evmjit\libevmjit\Arith256.h" />
    <ClInclude Include="..\evmjit\libevmjit\BasicBlock.h" />
    <ClInclude Include="..\evmjit\libevmjit\Common.h" />
    <ClInclude Include="..\evmjit\libevmjit\Compiler.h" />
    <ClInclude Include="..\evmjit\libevmjit\CompilerHelper.h" />
    <ClInclude Include="..\evmjit\libevmjit\Endianness.h" />
    <ClInclude Include="..\evmjit\libevmjit\ExecutionEngine.h" />
    <ClInclude Include="..\evmjit\libevmjit\Ext.h" />
    <ClInclude Include="..\evmjit\libevmjit\GasMeter.h" />
    <ClInclude Include="..\evmjit\libevmjit\Instruction.h" />
    <ClInclude Include="..\evmjit\libevmjit\Memory.h" />
    <ClInclude Include="..\evmjit\libevmjit\Runtime.h" />
    <ClInclude Include="..\evmjit\libevmjit\RuntimeData.h" />
    <ClInclude Include="..\evmjit\libevmjit\RuntimeManager.h" />
    <ClInclude Include="..\evmjit\libevmjit\Stack.h" />
    <ClInclude Include="..\evmjit\libevmjit\Type.h" />
    <ClInclude Include="..\evmjit\libevmjit\Utils.h" />
  </ItemGroup>
  <ItemGroup>
    <Text Include="..\evmjit\libevmjit\CMakeLists.txt" />
  </ItemGroup>
</Project>