<?xml version="1.0" encoding="utf-8"?>
<Project ToolsVersion="4.0" xmlns="http://schemas.microsoft.com/developer/msbuild/2003">
  <ItemGroup>
    <Filter Include="db">
      <UniqueIdentifier>{d83904b1-b5d1-4c5b-b476-96f08300d103}</UniqueIdentifier>
    </Filter>
    <Filter Include="util">
      <UniqueIdentifier>{72573022-b7fd-4b7a-a92e-a68c06bd6366}</UniqueIdentifier>
    </Filter>
    <Filter Include="table">
      <UniqueIdentifier>{7f821e9e-4ebf-4d18-8fb4-898bd3d81376}</UniqueIdentifier>
    </Filter>
    <Filter Include="port">
      <UniqueIdentifier>{f285a595-6c39-4350-8d30-6f696a3a7c4c}</UniqueIdentifier>
    </Filter>
  </ItemGroup>
  <ItemGroup>
    <ClInclude Include="..\..\leveldb\db\table_cache.h">
      <Filter>db</Filter>
    </ClInclude>
    <ClInclude Include="..\..\leveldb\db\version_edit.h">
      <Filter>db</Filter>
    </ClInclude>
    <ClInclude Include="..\..\leveldb\db\version_set.h">
      <Filter>db</Filter>
    </ClInclude>
    <ClInclude Include="..\..\leveldb\db\write_batch_internal.h">
      <Filter>db</Filter>
    </ClInclude>
    <ClInclude Include="..\..\leveldb\db\builder.h">
      <Filter>db</Filter>
    </ClInclude>
    <ClInclude Include="..\..\leveldb\db\db_impl.h">
      <Filter>db</Filter>
    </ClInclude>
    <ClInclude Include="..\..\leveldb\db\db_iter.h">
      <Filter>db</Filter>
    </ClInclude>
    <ClInclude Include="..\..\leveldb\db\dbformat.h">
      <Filter>db</Filter>
    </ClInclude>
    <ClInclude Include="..\..\leveldb\db\filename.h">
      <Filter>db</Filter>
    </ClInclude>
    <ClInclude Include="..\..\leveldb\db\log_format.h">
      <Filter>db</Filter>
    </ClInclude>
    <ClInclude Include="..\..\leveldb\db\log_reader.h">
      <Filter>db</Filter>
    </ClInclude>
    <ClInclude Include="..\..\leveldb\db\log_writer.h">
      <Filter>db</Filter>
    </ClInclude>
    <ClInclude Include="..\..\leveldb\db\memtable.h">
      <Filter>db</Filter>
    </ClInclude>
    <ClInclude Include="..\..\leveldb\db\skiplist.h">
      <Filter>db</Filter>
    </ClInclude>
    <ClInclude Include="..\..\leveldb\db\snapshot.h">
      <Filter>db</Filter>
    </ClInclude>
    <ClInclude Include="..\..\leveldb\table\merger.h">
      <Filter>table</Filter>
    </ClInclude>
    <ClInclude Include="..\..\leveldb\table\two_level_iterator.h">
      <Filter>table</Filter>
    </ClInclude>
    <ClInclude Include="..\..\leveldb\table\block.h">
      <Filter>table</Filter>
    </ClInclude>
    <ClInclude Include="..\..\leveldb\table\block_builder.h">
      <Filter>table</Filter>
    </ClInclude>
    <ClInclude Include="..\..\leveldb\table\format.h">
      <Filter>table</Filter>
    </ClInclude>
    <ClInclude Include="..\..\leveldb\table\iterator_wrapper.h">
      <Filter>table</Filter>
    </ClInclude>
    <ClInclude Include="..\..\leveldb\util\posix_logger.h">
      <Filter>util</Filter>
    </ClInclude>
    <ClInclude Include="..\..\leveldb\util\random.h">
      <Filter>util</Filter>
    </ClInclude>
    <ClInclude Include="..\..\leveldb\util\testharness.h">
      <Filter>util</Filter>
    </ClInclude>
    <ClInclude Include="..\..\leveldb\util\testutil.h">
      <Filter>util</Filter>
    </ClInclude>
    <ClInclude Include="..\..\leveldb\util\win_logger.h">
      <Filter>util</Filter>
    </ClInclude>
    <ClInclude Include="..\..\leveldb\util\arena.h">
      <Filter>util</Filter>
    </ClInclude>
    <ClInclude Include="..\..\leveldb\util\coding.h">
      <Filter>util</Filter>
    </ClInclude>
    <ClInclude Include="..\..\leveldb\util\crc32c.h">
      <Filter>util</Filter>
    </ClInclude>
    <ClInclude Include="..\..\leveldb\util\hash.h">
      <Filter>util</Filter>
    </ClInclude>
    <ClInclude Include="..\..\leveldb\util\histogram.h">
      <Filter>util</Filter>
    </ClInclude>
    <ClInclude Include="..\..\leveldb\util\logging.h">
      <Filter>util</Filter>
    </ClInclude>
    <ClInclude Include="..\..\leveldb\util\mutexlock.h">
      <Filter>util</Filter>
    </ClInclude>
    <ClInclude Include="..\..\leveldb\port\port_win.h">
      <Filter>port</Filter>
    </ClInclude>
    <ClInclude Include="..\..\leveldb\port\atomic_pointer.h">
      <Filter>port</Filter>
    </ClInclude>
    <ClInclude Include="..\..\leveldb\port\port.h">
      <Filter>port</Filter>
    </ClInclude>
  </ItemGroup>
  <ItemGroup>
    <ClCompile Include="..\..\leveldb\db\version_edit.cc">
      <Filter>db</Filter>
    </ClCompile>
    <ClCompile Include="..\..\leveldb\db\version_set.cc">
      <Filter>db</Filter>
    </ClCompile>
    <ClCompile Include="..\..\leveldb\db\write_batch.cc">
      <Filter>db</Filter>
    </ClCompile>
    <ClCompile Include="..\..\leveldb\db\builder.cc">
      <Filter>db</Filter>
    </ClCompile>
    <ClCompile Include="..\..\leveldb\db\c.cc">
      <Filter>db</Filter>
    </ClCompile>
    <ClCompile Include="..\..\leveldb\db\db_bench.cc">
      <Filter>db</Filter>
    </ClCompile>
    <ClCompile Include="..\..\leveldb\db\db_impl.cc">
      <Filter>db</Filter>
    </ClCompile>
    <ClCompile Include="..\..\leveldb\db\db_iter.cc">
      <Filter>db</Filter>
    </ClCompile>
    <ClCompile Include="..\..\leveldb\db\dbformat.cc">
      <Filter>db</Filter>
    </ClCompile>
    <ClCompile Include="..\..\leveldb\db\filename.cc">
      <Filter>db</Filter>
    </ClCompile>
    <ClCompile Include="..\..\leveldb\db\log_reader.cc">
      <Filter>db</Filter>
    </ClCompile>
    <ClCompile Include="..\..\leveldb\db\log_writer.cc">
      <Filter>db</Filter>
    </ClCompile>
    <ClCompile Include="..\..\leveldb\db\memtable.cc">
      <Filter>db</Filter>
    </ClCompile>
    <ClCompile Include="..\..\leveldb\db\repair.cc">
      <Filter>db</Filter>
    </ClCompile>
    <ClCompile Include="..\..\leveldb\db\table_cache.cc">
      <Filter>db</Filter>
    </ClCompile>
    <ClCompile Include="..\..\leveldb\table\merger.cc">
      <Filter>table</Filter>
    </ClCompile>
    <ClCompile Include="..\..\leveldb\table\table.cc">
      <Filter>table</Filter>
    </ClCompile>
    <ClCompile Include="..\..\leveldb\table\table_builder.cc">
      <Filter>table</Filter>
    </ClCompile>
    <ClCompile Include="..\..\leveldb\table\two_level_iterator.cc">
      <Filter>table</Filter>
    </ClCompile>
    <ClCompile Include="..\..\leveldb\table\block.cc">
      <Filter>table</Filter>
    </ClCompile>
    <ClCompile Include="..\..\leveldb\table\block_builder.cc">
      <Filter>table</Filter>
    </ClCompile>
    <ClCompile Include="..\..\leveldb\table\format.cc">
      <Filter>table</Filter>
    </ClCompile>
    <ClCompile Include="..\..\leveldb\table\iterator.cc">
      <Filter>table</Filter>
    </ClCompile>
    <ClCompile Include="..\..\leveldb\util\status.cc">
      <Filter>util</Filter>
    </ClCompile>
    <ClCompile Include="..\..\leveldb\util\testharness.cc">
      <Filter>util</Filter>
    </ClCompile>
    <ClCompile Include="..\..\leveldb\util\testutil.cc">
      <Filter>util</Filter>
    </ClCompile>
    <ClCompile Include="..\..\leveldb\util\win_logger.cc">
      <Filter>util</Filter>
    </ClCompile>
    <ClCompile Include="..\..\leveldb\util\arena.cc">
      <Filter>util</Filter>
    </ClCompile>
    <ClCompile Include="..\..\leveldb\util\cache.cc">
      <Filter>util</Filter>
    </ClCompile>
    <ClCompile Include="..\..\leveldb\util\coding.cc">
      <Filter>util</Filter>
    </ClCompile>
    <ClCompile Include="..\..\leveldb\util\comparator.cc">
      <Filter>util</Filter>
    </ClCompile>
    <ClCompile Include="..\..\leveldb\util\crc32c.cc">
      <Filter>util</Filter>
    </ClCompile>
    <ClCompile Include="..\..\leveldb\util\env.cc">
      <Filter>util</Filter>
    </ClCompile>
    <ClCompile Include="..\..\leveldb\util\env_boost.cc">
      <Filter>util</Filter>
    </ClCompile>
    <ClCompile Include="..\..\leveldb\util\hash.cc">
      <Filter>util</Filter>
    </ClCompile>
    <ClCompile Include="..\..\leveldb\util\histogram.cc">
      <Filter>util</Filter>
    </ClCompile>
    <ClCompile Include="..\..\leveldb\util\logging.cc">
      <Filter>util</Filter>
    </ClCompile>
    <ClCompile Include="..\..\leveldb\util\options.cc">
      <Filter>util</Filter>
    </ClCompile>
    <ClCompile Include="..\..\leveldb\port\port_win.cc">
      <Filter>port</Filter>
    </ClCompile>
  </ItemGroup>
</Project>