<?xml version="1.0" encoding="utf-8"?>
<Project ToolsVersion="4.0" xmlns="http://schemas.microsoft.com/developer/msbuild/2003">
  <ItemGroup>
    <ClCompile Include="stdafx.cpp">
      <Filter>Windows</Filter>
    </ClCompile>
    <ClCompile Include="..\test\rlp.cpp" />
    <ClCompile Include="..\test\state.cpp" />
    <ClCompile Include="..\test\trie.cpp" />
    <ClCompile Include="..\test\TrieHash.cpp" />
    <ClCompile Include="..\test\vm.cpp" />
    <ClCompile Include="..\test\crypto.cpp" />
    <ClCompile Include="..\test\dagger.cpp" />
    <ClCompile Include="..\test\hexPrefix.cpp" />
    <ClCompile Include="..\test\main.cpp" />
    <ClCompile Include="..\test\MemTrie.cpp" />
    <ClCompile Include="..\test\peer.cpp" />
    <ClCompile Include="..\test\boostTest.cpp" />
    <ClCompile Include="..\test\txTest.cpp" />
    <ClCompile Include="..\test\fork.cpp" />
    <ClCompile Include="..\test\network.cpp" />
    <ClCompile Include="..\test\TestHelper.cpp" />
  </ItemGroup>
  <ItemGroup>
    <Filter Include="Windows">
      <UniqueIdentifier>{0acd7e2f-2594-4c13-94cb-3247045bdbfd}</UniqueIdentifier>
    </Filter>
  </ItemGroup>
  <ItemGroup>
    <ClInclude Include="stdafx.h">
      <Filter>Windows</Filter>
    </ClInclude>
    <ClInclude Include="..\test\TrieHash.h" />
    <ClInclude Include="..\test\MemTrie.h" />
    <ClInclude Include="..\test\JsonSpiritHeaders.h" />
    <ClInclude Include="..\test\TestHelper.h" />
  </ItemGroup>
</Project>