<?xml version="1.0" encoding="utf-8"?>
<Project ToolsVersion="4.0" xmlns="http://schemas.microsoft.com/developer/msbuild/2003">
  <ItemGroup>
    <ClInclude Include="TransactionQueue.h" />
    <ClInclude Include="Trie.h" />
    <ClInclude Include="vector_ref.h" />
    <ClInclude Include="AddressState.h" />
    <ClInclude Include="BlockChain.h" />
    <ClInclude Include="BlockInfo.h" />
    <ClInclude Include="Common.h" />
    <ClInclude Include="Dagger.h" />
    <ClInclude Include="Exceptions.h" />
    <ClInclude Include="Instruction.h" />
    <ClInclude Include="PeerNetwork.h" />
    <ClInclude Include="RLP.h" />
    <ClInclude Include="State.h" />
    <ClInclude Include="Transaction.h" />
  </ItemGroup>
  <ItemGroup>
    <ClCompile Include="Trie.cpp" />
    <ClCompile Include="AddressState.cpp" />
    <ClCompile Include="BlockChain.cpp" />
    <ClCompile Include="BlockInfo.cpp" />
    <ClCompile Include="Common.cpp" />
    <ClCompile Include="Dagger.cpp" />
    <ClCompile Include="PeerNetwork.cpp" />
    <ClCompile Include="RLP.cpp" />
    <ClCompile Include="State.cpp" />
    <ClCompile Include="Transaction.cpp" />
    <ClCompile Include="TransactionQueue.cpp" />
  </ItemGroup>
</Project>